{"1.2.0",
[{<<"h1">>,{pkg,<<"erlang_h1">>,<<"0.9.1">>},0},
 {<<"h2">>,{pkg,<<"h2">>,<<"0.12.3">>},0}]}.
[
{pkg_hash,[
 {<<"h1">>, <<"A20CE059E74F953D7ED21E06BD58ADF53D746F5AA026B4FDD29D81E23B22DCA1">>},
 {<<"h2">>, <<"20E3FD0E384EC6F586E4736ACD409A57EA87B4A56002D8DCF1132514B3D7600A">>}]},
{pkg_hash_ext,[
 {<<"h1">>, <<"F6C7D1C0947CBE56AB7494E5E131CADAC626E7D5FA42396314B6CCE1380B0C73">>},
 {<<"h2">>, <<"996AF98698F7DC68BCC7688D70D97384B53DDD0286BA07E6D4A9AC54F1970D32">>}]}
].
